
Microsoft Visual Studio Solution File, Format Version 12.00
# Visual Studio Version 17
VisualStudioVersion = 17.2.32630.192
MinimumVisualStudioVersion = 10.0.40219.1
Project("{9A19103F-16F7-4668-BE54-9A1E7A4F7556}") = "R5T.F0111", "R5T.F0111\R5T.F0111.csproj", "{98F913D4-AE2D-43EE-97BF-650CC6BB7F5E}"
EndProject
Project("{2150E333-8FDC-42A3-9474-1A3956D46DE8}") = "_Dependencies", "_Dependencies", "{A8269063-70D3-4699-915B-9FEC845D3E00}"
EndProject
Project("{9A19103F-16F7-4668-BE54-9A1E7A4F7556}") = "R5T.F0000", "..\..\R5T.F0000\source\R5T.F0000\R5T.F0000.csproj", "{6551514C-27DF-4418-B6D4-DF4411982E24}"
EndProject
Project("{9A19103F-16F7-4668-BE54-9A1E7A4F7556}") = "R5T.F0050", "..\..\R5T.F0050\source\R5T.F0050\R5T.F0050.csproj", "{CE1D340F-70FB-4467-9953-0D9654356A86}"
EndProject
Project("{9A19103F-16F7-4668-BE54-9A1E7A4F7556}") = "R5T.F0059", "..\..\R5T.F0059\source\R5T.F0059\R5T.F0059.csproj", "{D4C7E5A5-666A-44E3-9ECF-51DE192D953A}"
EndProject
Project("{9A19103F-16F7-4668-BE54-9A1E7A4F7556}") = "R5T.F0082", "..\..\R5T.F0082\source\R5T.F0082\R5T.F0082.csproj", "{0B3C2D6B-AF0F-469B-8138-EBB7F74C9D93}"
EndProject
Project("{9A19103F-16F7-4668-BE54-9A1E7A4F7556}") = "R5T.L0053", "..\..\R5T.L0053\source\R5T.L0053\R5T.L0053.csproj", "{ACBC8B48-9A1A-45A0-A4BA-440FF3F74DA3}"
EndProject
Project("{9A19103F-16F7-4668-BE54-9A1E7A4F7556}") = "R5T.L0066", "..\..\R5T.L0066\source\R5T.L0066\R5T.L0066.csproj", "{4ADBF7FA-EE8E-46B7-935B-C9EBA960CDB1}"
EndProject
Project("{9A19103F-16F7-4668-BE54-9A1E7A4F7556}") = "R5T.L0071", "..\..\R5T.L0071\source\R5T.L0071\R5T.L0071.csproj", "{621BB149-EEF1-455D-BAF2-EA4239F9FF67}"
EndProject
Project("{9A19103F-16F7-4668-BE54-9A1E7A4F7556}") = "R5T.L0089.F000", "..\..\R5T.L0089\source\R5T.L0089.F000\R5T.L0089.F000.csproj", "{1ABC7196-B5B1-4502-B3BE-BDF1AC7AEC32}"
EndProject
Project("{9A19103F-16F7-4668-BE54-9A1E7A4F7556}") = "R5T.L0089.T000", "..\..\R5T.L0089\source\R5T.L0089.T000\R5T.L0089.T000.csproj", "{A54ACAEB-8B63-4E71-AFB4-F49B6264C23E}"
EndProject
Project("{9A19103F-16F7-4668-BE54-9A1E7A4F7556}") = "R5T.L0089", "..\..\R5T.L0089\source\R5T.L0089\R5T.L0089.csproj", "{9D52A314-C15F-4AB0-8C50-75E2D1197A94}"
EndProject
Project("{9A19103F-16F7-4668-BE54-9A1E7A4F7556}") = "R5T.L0107.Z000", "..\..\R5T.L0107.Private\source\R5T.L0107.Z000\R5T.L0107.Z000.csproj", "{9630724A-00EA-48BD-9AB9-FF1254236C09}"
EndProject
Project("{9A19103F-16F7-4668-BE54-9A1E7A4F7556}") = "R5T.L0107.Z001", "..\..\R5T.L0107.Private\source\R5T.L0107.Z001\R5T.L0107.Z001.csproj", "{854629DC-62CD-4759-A6A7-74C4A65AF606}"
EndProject
Project("{9A19103F-16F7-4668-BE54-9A1E7A4F7556}") = "R5T.NG0006", "..\..\R5T.NG0006\source\R5T.NG0006\R5T.NG0006.csproj", "{E88303E9-02A3-4D6E-BAFD-853BDF2784C0}"
EndProject
Project("{9A19103F-16F7-4668-BE54-9A1E7A4F7556}") = "R5T.T0131", "..\..\R5T.T0131\source\R5T.T0131\R5T.T0131.csproj", "{810FC890-D928-457D-85CB-538848FFB3F6}"
EndProject
Project("{9A19103F-16F7-4668-BE54-9A1E7A4F7556}") = "R5T.T0132", "..\..\R5T.T0132\source\R5T.T0132\R5T.T0132.csproj", "{B55FC17E-BE9B-4404-BE4F-ED3212D14F49}"
EndProject
Project("{9A19103F-16F7-4668-BE54-9A1E7A4F7556}") = "R5T.T0142", "..\..\R5T.T0142\source\R5T.T0142\R5T.T0142.csproj", "{2F6CA5B0-D7A3-4C9E-8911-6A876B64376E}"
EndProject
Project("{9A19103F-16F7-4668-BE54-9A1E7A4F7556}") = "R5T.T0143", "..\..\R5T.T0143\source\R5T.T0143\R5T.T0143.csproj", "{9E3DBAF8-0BFC-48A9-B9B1-E2944987FFAA}"
EndProject
Project("{9A19103F-16F7-4668-BE54-9A1E7A4F7556}") = "R5T.T0156", "..\..\R5T.T0156\source\R5T.T0156\R5T.T0156.csproj", "{2716D5D1-3357-4EEF-BFCF-5F49FA064969}"
EndProject
Project("{9A19103F-16F7-4668-BE54-9A1E7A4F7556}") = "R5T.T0158", "..\..\R5T.T0158\source\R5T.T0158\R5T.T0158.csproj", "{D91DC294-0B6D-4D58-83A7-194D25C98851}"
EndProject
Project("{9A19103F-16F7-4668-BE54-9A1E7A4F7556}") = "R5T.T0159", "..\..\R5T.T0159\source\R5T.T0159\R5T.T0159.csproj", "{5DB4006A-75B4-4147-A349-6032887D19E5}"
EndProject
Project("{9A19103F-16F7-4668-BE54-9A1E7A4F7556}") = "R5T.T0221", "..\..\R5T.T0221\source\R5T.T0221\R5T.T0221.csproj", "{E33D11D9-5948-40F5-B2CB-26A0359B845D}"
EndProject
Project("{9A19103F-16F7-4668-BE54-9A1E7A4F7556}") = "R5T.T0241", "..\..\R5T.T0241\source\R5T.T0241\R5T.T0241.csproj", "{0671BFDC-C31B-4817-8693-9A5713792D9A}"
EndProject
Project("{9A19103F-16F7-4668-BE54-9A1E7A4F7556}") = "R5T.Y0000", "..\..\R5T.Y0000\source\R5T.Y0000\R5T.Y0000.csproj", "{0CFDDCCE-F5DB-454B-92E4-5679AA31B339}"
EndProject
Project("{9A19103F-16F7-4668-BE54-9A1E7A4F7556}") = "R5T.Y0006", "..\..\R5T.Y0006\source\R5T.Y0006\R5T.Y0006.csproj", "{4C7438F2-3DA3-402C-9BE1-689586CCAF71}"
EndProject
Project("{9A19103F-16F7-4668-BE54-9A1E7A4F7556}") = "R5T.Z0000", "..\..\R5T.Z0000\source\R5T.Z0000\R5T.Z0000.csproj", "{7A01E078-2ADF-445A-A016-A722632B3939}"
EndProject
Project("{9A19103F-16F7-4668-BE54-9A1E7A4F7556}") = "R5T.Z0010.Platform", "..\..\R5T.Z0010\source\R5T.Z0010.Platform\R5T.Z0010.Platform.csproj", "{D5A362DE-5B12-4DE7-A1C6-74D2588A117D}"
EndProject
Global
	GlobalSection(NestedProjects) = preSolution
		{6551514C-27DF-4418-B6D4-DF4411982E24} = {A8269063-70D3-4699-915B-9FEC845D3E00}
		{CE1D340F-70FB-4467-9953-0D9654356A86} = {A8269063-70D3-4699-915B-9FEC845D3E00}
		{D4C7E5A5-666A-44E3-9ECF-51DE192D953A} = {A8269063-70D3-4699-915B-9FEC845D3E00}
		{0B3C2D6B-AF0F-469B-8138-EBB7F74C9D93} = {A8269063-70D3-4699-915B-9FEC845D3E00}
		{ACBC8B48-9A1A-45A0-A4BA-440FF3F74DA3} = {A8269063-70D3-4699-915B-9FEC845D3E00}
		{4ADBF7FA-EE8E-46B7-935B-C9EBA960CDB1} = {A8269063-70D3-4699-915B-9FEC845D3E00}
		{621BB149-EEF1-455D-BAF2-EA4239F9FF67} = {A8269063-70D3-4699-915B-9FEC845D3E00}
		{1ABC7196-B5B1-4502-B3BE-BDF1AC7AEC32} = {A8269063-70D3-4699-915B-9FEC845D3E00}
		{A54ACAEB-8B63-4E71-AFB4-F49B6264C23E} = {A8269063-70D3-4699-915B-9FEC845D3E00}
		{9D52A314-C15F-4AB0-8C50-75E2D1197A94} = {A8269063-70D3-4699-915B-9FEC845D3E00}
		{9630724A-00EA-48BD-9AB9-FF1254236C09} = {A8269063-70D3-4699-915B-9FEC845D3E00}
		{854629DC-62CD-4759-A6A7-74C4A65AF606} = {A8269063-70D3-4699-915B-9FEC845D3E00}
		{E88303E9-02A3-4D6E-BAFD-853BDF2784C0} = {A8269063-70D3-4699-915B-9FEC845D3E00}
		{810FC890-D928-457D-85CB-538848FFB3F6} = {A8269063-70D3-4699-915B-9FEC845D3E00}
		{B55FC17E-BE9B-4404-BE4F-ED3212D14F49} = {A8269063-70D3-4699-915B-9FEC845D3E00}
		{2F6CA5B0-D7A3-4C9E-8911-6A876B64376E} = {A8269063-70D3-4699-915B-9FEC845D3E00}
		{9E3DBAF8-0BFC-48A9-B9B1-E2944987FFAA} = {A8269063-70D3-4699-915B-9FEC845D3E00}
		{2716D5D1-3357-4EEF-BFCF-5F49FA064969} = {A8269063-70D3-4699-915B-9FEC845D3E00}
		{D91DC294-0B6D-4D58-83A7-194D25C98851} = {A8269063-70D3-4699-915B-9FEC845D3E00}
		{5DB4006A-75B4-4147-A349-6032887D19E5} = {A8269063-70D3-4699-915B-9FEC845D3E00}
		{E33D11D9-5948-40F5-B2CB-26A0359B845D} = {A8269063-70D3-4699-915B-9FEC845D3E00}
		{0671BFDC-C31B-4817-8693-9A5713792D9A} = {A8269063-70D3-4699-915B-9FEC845D3E00}
		{0CFDDCCE-F5DB-454B-92E4-5679AA31B339} = {A8269063-70D3-4699-915B-9FEC845D3E00}
		{4C7438F2-3DA3-402C-9BE1-689586CCAF71} = {A8269063-70D3-4699-915B-9FEC845D3E00}
		{7A01E078-2ADF-445A-A016-A722632B3939} = {A8269063-70D3-4699-915B-9FEC845D3E00}
		{D5A362DE-5B12-4DE7-A1C6-74D2588A117D} = {A8269063-70D3-4699-915B-9FEC845D3E00}
	EndGlobalSection
	GlobalSection(SolutionConfigurationPlatforms) = preSolution
		Debug|Any CPU = Debug|Any CPU
		Release|Any CPU = Release|Any CPU
	EndGlobalSection
	GlobalSection(ProjectConfigurationPlatforms) = postSolution
		{98F913D4-AE2D-43EE-97BF-650CC6BB7F5E}.Debug|Any CPU.ActiveCfg = Debug|Any CPU
		{98F913D4-AE2D-43EE-97BF-650CC6BB7F5E}.Debug|Any CPU.Build.0 = Debug|Any CPU
		{98F913D4-AE2D-43EE-97BF-650CC6BB7F5E}.Release|Any CPU.ActiveCfg = Release|Any CPU
		{98F913D4-AE2D-43EE-97BF-650CC6BB7F5E}.Release|Any CPU.Build.0 = Release|Any CPU
		{6551514C-27DF-4418-B6D4-DF4411982E24}.Debug|Any CPU.ActiveCfg = Debug|Any CPU
		{6551514C-27DF-4418-B6D4-DF4411982E24}.Debug|Any CPU.Build.0 = Debug|Any CPU
		{6551514C-27DF-4418-B6D4-DF4411982E24}.Release|Any CPU.ActiveCfg = Release|Any CPU
		{6551514C-27DF-4418-B6D4-DF4411982E24}.Release|Any CPU.Build.0 = Release|Any CPU
		{CE1D340F-70FB-4467-9953-0D9654356A86}.Debug|Any CPU.ActiveCfg = Debug|Any CPU
		{CE1D340F-70FB-4467-9953-0D9654356A86}.Debug|Any CPU.Build.0 = Debug|Any CPU
		{CE1D340F-70FB-4467-9953-0D9654356A86}.Release|Any CPU.ActiveCfg = Release|Any CPU
		{CE1D340F-70FB-4467-9953-0D9654356A86}.Release|Any CPU.Build.0 = Release|Any CPU
		{D4C7E5A5-666A-44E3-9ECF-51DE192D953A}.Debug|Any CPU.ActiveCfg = Debug|Any CPU
		{D4C7E5A5-666A-44E3-9ECF-51DE192D953A}.Debug|Any CPU.Build.0 = Debug|Any CPU
		{D4C7E5A5-666A-44E3-9ECF-51DE192D953A}.Release|Any CPU.ActiveCfg = Release|Any CPU
		{D4C7E5A5-666A-44E3-9ECF-51DE192D953A}.Release|Any CPU.Build.0 = Release|Any CPU
		{0B3C2D6B-AF0F-469B-8138-EBB7F74C9D93}.Debug|Any CPU.ActiveCfg = Debug|Any CPU
		{0B3C2D6B-AF0F-469B-8138-EBB7F74C9D93}.Debug|Any CPU.Build.0 = Debug|Any CPU
		{0B3C2D6B-AF0F-469B-8138-EBB7F74C9D93}.Release|Any CPU.ActiveCfg = Release|Any CPU
		{0B3C2D6B-AF0F-469B-8138-EBB7F74C9D93}.Release|Any CPU.Build.0 = Release|Any CPU
		{ACBC8B48-9A1A-45A0-A4BA-440FF3F74DA3}.Debug|Any CPU.ActiveCfg = Debug|Any CPU
		{ACBC8B48-9A1A-45A0-A4BA-440FF3F74DA3}.Debug|Any CPU.Build.0 = Debug|Any CPU
		{ACBC8B48-9A1A-45A0-A4BA-440FF3F74DA3}.Release|Any CPU.ActiveCfg = Release|Any CPU
		{ACBC8B48-9A1A-45A0-A4BA-440FF3F74DA3}.Release|Any CPU.Build.0 = Release|Any CPU
		{4ADBF7FA-EE8E-46B7-935B-C9EBA960CDB1}.Debug|Any CPU.ActiveCfg = Debug|Any CPU
		{4ADBF7FA-EE8E-46B7-935B-C9EBA960CDB1}.Debug|Any CPU.Build.0 = Debug|Any CPU
		{4ADBF7FA-EE8E-46B7-935B-C9EBA960CDB1}.Release|Any CPU.ActiveCfg = Release|Any CPU
		{4ADBF7FA-EE8E-46B7-935B-C9EBA960CDB1}.Release|Any CPU.Build.0 = Release|Any CPU
		{621BB149-EEF1-455D-BAF2-EA4239F9FF67}.Debug|Any CPU.ActiveCfg = Debug|Any CPU
		{621BB149-EEF1-455D-BAF2-EA4239F9FF67}.Debug|Any CPU.Build.0 = Debug|Any CPU
		{621BB149-EEF1-455D-BAF2-EA4239F9FF67}.Release|Any CPU.ActiveCfg = Release|Any CPU
		{621BB149-EEF1-455D-BAF2-EA4239F9FF67}.Release|Any CPU.Build.0 = Release|Any CPU
		{1ABC7196-B5B1-4502-B3BE-BDF1AC7AEC32}.Debug|Any CPU.ActiveCfg = Debug|Any CPU
		{1ABC7196-B5B1-4502-B3BE-BDF1AC7AEC32}.Debug|Any CPU.Build.0 = Debug|Any CPU
		{1ABC7196-B5B1-4502-B3BE-BDF1AC7AEC32}.Release|Any CPU.ActiveCfg = Release|Any CPU
		{1ABC7196-B5B1-4502-B3BE-BDF1AC7AEC32}.Release|Any CPU.Build.0 = Release|Any CPU
		{A54ACAEB-8B63-4E71-AFB4-F49B6264C23E}.Debug|Any CPU.ActiveCfg = Debug|Any CPU
		{A54ACAEB-8B63-4E71-AFB4-F49B6264C23E}.Debug|Any CPU.Build.0 = Debug|Any CPU
		{A54ACAEB-8B63-4E71-AFB4-F49B6264C23E}.Release|Any CPU.ActiveCfg = Release|Any CPU
		{A54ACAEB-8B63-4E71-AFB4-F49B6264C23E}.Release|Any CPU.Build.0 = Release|Any CPU
		{9D52A314-C15F-4AB0-8C50-75E2D1197A94}.Debug|Any CPU.ActiveCfg = Debug|Any CPU
		{9D52A314-C15F-4AB0-8C50-75E2D1197A94}.Debug|Any CPU.Build.0 = Debug|Any CPU
		{9D52A314-C15F-4AB0-8C50-75E2D1197A94}.Release|Any CPU.ActiveCfg = Release|Any CPU
		{9D52A314-C15F-4AB0-8C50-75E2D1197A94}.Release|Any CPU.Build.0 = Release|Any CPU
		{9630724A-00EA-48BD-9AB9-FF1254236C09}.Debug|Any CPU.ActiveCfg = Debug|Any CPU
		{9630724A-00EA-48BD-9AB9-FF1254236C09}.Debug|Any CPU.Build.0 = Debug|Any CPU
		{9630724A-00EA-48BD-9AB9-FF1254236C09}.Release|Any CPU.ActiveCfg = Release|Any CPU
		{9630724A-00EA-48BD-9AB9-FF1254236C09}.Release|Any CPU.Build.0 = Release|Any CPU
		{854629DC-62CD-4759-A6A7-74C4A65AF606}.Debug|Any CPU.ActiveCfg = Debug|Any CPU
		{854629DC-62CD-4759-A6A7-74C4A65AF606}.Debug|Any CPU.Build.0 = Debug|Any CPU
		{854629DC-62CD-4759-A6A7-74C4A65AF606}.Release|Any CPU.ActiveCfg = Release|Any CPU
		{854629DC-62CD-4759-A6A7-74C4A65AF606}.Release|Any CPU.Build.0 = Release|Any CPU
		{E88303E9-02A3-4D6E-BAFD-853BDF2784C0}.Debug|Any CPU.ActiveCfg = Debug|Any CPU
		{E88303E9-02A3-4D6E-BAFD-853BDF2784C0}.Debug|Any CPU.Build.0 = Debug|Any CPU
		{E88303E9-02A3-4D6E-BAFD-853BDF2784C0}.Release|Any CPU.ActiveCfg = Release|Any CPU
		{E88303E9-02A3-4D6E-BAFD-853BDF2784C0}.Release|Any CPU.Build.0 = Release|Any CPU
		{810FC890-D928-457D-85CB-538848FFB3F6}.Debug|Any CPU.ActiveCfg = Debug|Any CPU
		{810FC890-D928-457D-85CB-538848FFB3F6}.Debug|Any CPU.Build.0 = Debug|Any CPU
		{810FC890-D928-457D-85CB-538848FFB3F6}.Release|Any CPU.ActiveCfg = Release|Any CPU
		{810FC890-D928-457D-85CB-538848FFB3F6}.Release|Any CPU.Build.0 = Release|Any CPU
		{B55FC17E-BE9B-4404-BE4F-ED3212D14F49}.Debug|Any CPU.ActiveCfg = Debug|Any CPU
		{B55FC17E-BE9B-4404-BE4F-ED3212D14F49}.Debug|Any CPU.Build.0 = Debug|Any CPU
		{B55FC17E-BE9B-4404-BE4F-ED3212D14F49}.Release|Any CPU.ActiveCfg = Release|Any CPU
		{B55FC17E-BE9B-4404-BE4F-ED3212D14F49}.Release|Any CPU.Build.0 = Release|Any CPU
		{2F6CA5B0-D7A3-4C9E-8911-6A876B64376E}.Debug|Any CPU.ActiveCfg = Debug|Any CPU
		{2F6CA5B0-D7A3-4C9E-8911-6A876B64376E}.Debug|Any CPU.Build.0 = Debug|Any CPU
		{2F6CA5B0-D7A3-4C9E-8911-6A876B64376E}.Release|Any CPU.ActiveCfg = Release|Any CPU
		{2F6CA5B0-D7A3-4C9E-8911-6A876B64376E}.Release|Any CPU.Build.0 = Release|Any CPU
		{9E3DBAF8-0BFC-48A9-B9B1-E2944987FFAA}.Debug|Any CPU.ActiveCfg = Debug|Any CPU
		{9E3DBAF8-0BFC-48A9-B9B1-E2944987FFAA}.Debug|Any CPU.Build.0 = Debug|Any CPU
		{9E3DBAF8-0BFC-48A9-B9B1-E2944987FFAA}.Release|Any CPU.ActiveCfg = Release|Any CPU
		{9E3DBAF8-0BFC-48A9-B9B1-E2944987FFAA}.Release|Any CPU.Build.0 = Release|Any CPU
		{2716D5D1-3357-4EEF-BFCF-5F49FA064969}.Debug|Any CPU.ActiveCfg = Debug|Any CPU
		{2716D5D1-3357-4EEF-BFCF-5F49FA064969}.Debug|Any CPU.Build.0 = Debug|Any CPU
		{2716D5D1-3357-4EEF-BFCF-5F49FA064969}.Release|Any CPU.ActiveCfg = Release|Any CPU
		{2716D5D1-3357-4EEF-BFCF-5F49FA064969}.Release|Any CPU.Build.0 = Release|Any CPU
		{D91DC294-0B6D-4D58-83A7-194D25C98851}.Debug|Any CPU.ActiveCfg = Debug|Any CPU
		{D91DC294-0B6D-4D58-83A7-194D25C98851}.Debug|Any CPU.Build.0 = Debug|Any CPU
		{D91DC294-0B6D-4D58-83A7-194D25C98851}.Release|Any CPU.ActiveCfg = Release|Any CPU
		{D91DC294-0B6D-4D58-83A7-194D25C98851}.Release|Any CPU.Build.0 = Release|Any CPU
		{5DB4006A-75B4-4147-A349-6032887D19E5}.Debug|Any CPU.ActiveCfg = Debug|Any CPU
		{5DB4006A-75B4-4147-A349-6032887D19E5}.Debug|Any CPU.Build.0 = Debug|Any CPU
		{5DB4006A-75B4-4147-A349-6032887D19E5}.Release|Any CPU.ActiveCfg = Release|Any CPU
		{5DB4006A-75B4-4147-A349-6032887D19E5}.Release|Any CPU.Build.0 = Release|Any CPU
		{E33D11D9-5948-40F5-B2CB-26A0359B845D}.Debug|Any CPU.ActiveCfg = Debug|Any CPU
		{E33D11D9-5948-40F5-B2CB-26A0359B845D}.Debug|Any CPU.Build.0 = Debug|Any CPU
		{E33D11D9-5948-40F5-B2CB-26A0359B845D}.Release|Any CPU.ActiveCfg = Release|Any CPU
		{E33D11D9-5948-40F5-B2CB-26A0359B845D}.Release|Any CPU.Build.0 = Release|Any CPU
		{0671BFDC-C31B-4817-8693-9A5713792D9A}.Debug|Any CPU.ActiveCfg = Debug|Any CPU
		{0671BFDC-C31B-4817-8693-9A5713792D9A}.Debug|Any CPU.Build.0 = Debug|Any CPU
		{0671BFDC-C31B-4817-8693-9A5713792D9A}.Release|Any CPU.ActiveCfg = Release|Any CPU
		{0671BFDC-C31B-4817-8693-9A5713792D9A}.Release|Any CPU.Build.0 = Release|Any CPU
		{0CFDDCCE-F5DB-454B-92E4-5679AA31B339}.Debug|Any CPU.ActiveCfg = Debug|Any CPU
		{0CFDDCCE-F5DB-454B-92E4-5679AA31B339}.Debug|Any CPU.Build.0 = Debug|Any CPU
		{0CFDDCCE-F5DB-454B-92E4-5679AA31B339}.Release|Any CPU.ActiveCfg = Release|Any CPU
		{0CFDDCCE-F5DB-454B-92E4-5679AA31B339}.Release|Any CPU.Build.0 = Release|Any CPU
		{4C7438F2-3DA3-402C-9BE1-689586CCAF71}.Debug|Any CPU.ActiveCfg = Debug|Any CPU
		{4C7438F2-3DA3-402C-9BE1-689586CCAF71}.Debug|Any CPU.Build.0 = Debug|Any CPU
		{4C7438F2-3DA3-402C-9BE1-689586CCAF71}.Release|Any CPU.ActiveCfg = Release|Any CPU
		{4C7438F2-3DA3-402C-9BE1-689586CCAF71}.Release|Any CPU.Build.0 = Release|Any CPU
		{7A01E078-2ADF-445A-A016-A722632B3939}.Debug|Any CPU.ActiveCfg = Debug|Any CPU
		{7A01E078-2ADF-445A-A016-A722632B3939}.Debug|Any CPU.Build.0 = Debug|Any CPU
		{7A01E078-2ADF-445A-A016-A722632B3939}.Release|Any CPU.ActiveCfg = Release|Any CPU
		{7A01E078-2ADF-445A-A016-A722632B3939}.Release|Any CPU.Build.0 = Release|Any CPU
		{D5A362DE-5B12-4DE7-A1C6-74D2588A117D}.Debug|Any CPU.ActiveCfg = Debug|Any CPU
		{D5A362DE-5B12-4DE7-A1C6-74D2588A117D}.Debug|Any CPU.Build.0 = Debug|Any CPU
		{D5A362DE-5B12-4DE7-A1C6-74D2588A117D}.Release|Any CPU.ActiveCfg = Release|Any CPU
		{D5A362DE-5B12-4DE7-A1C6-74D2588A117D}.Release|Any CPU.Build.0 = Release|Any CPU
	EndGlobalSection
	GlobalSection(SolutionProperties) = preSolution
		HideSolutionNode = FALSE
	EndGlobalSection
	GlobalSection(ExtensibilityGlobals) = postSolution
		SolutionGuid = {189BA78A-27E4-4ADB-8E05-E8EC908B234A}
	EndGlobalSection
EndGlobal
