
Microsoft Visual Studio Solution File, Format Version 12.00
# Visual Studio Version 17
VisualStudioVersion = 17.2.32630.192
MinimumVisualStudioVersion = 10.0.40219.1
Project("{9A19103F-16F7-4668-BE54-9A1E7A4F7556}") = "R5T.F0111.Construction", "R5T.F0111.Construction\R5T.F0111.Construction.csproj", "{85F564E4-E1D9-434F-B87B-5F2AE00B8123}"
EndProject
Project("{9A19103F-16F7-4668-BE54-9A1E7A4F7556}") = "R5T.F0111", "R5T.F0111\R5T.F0111.csproj", "{8EE6B064-E7A8-484C-ABDF-091DCC58B0B4}"
EndProject
Project("{2150E333-8FDC-42A3-9474-1A3956D46DE8}") = "_Dependencies", "_Dependencies", "{29DBD29E-7C36-4482-BA4F-FFA49E97586C}"
EndProject
Project("{9A19103F-16F7-4668-BE54-9A1E7A4F7556}") = "R5T.F0000", "..\..\R5T.F0000\source\R5T.F0000\R5T.F0000.csproj", "{A37C6A23-A8EC-4491-AE26-5B173A224D68}"
EndProject
Project("{9A19103F-16F7-4668-BE54-9A1E7A4F7556}") = "R5T.F0002", "..\..\R5T.F0002\source\R5T.F0002\R5T.F0002.csproj", "{DFADD96A-4B9D-4154-B5D0-C0249D28FDD5}"
EndProject
Project("{9A19103F-16F7-4668-BE54-9A1E7A4F7556}") = "R5T.F0035.F001", "..\..\R5T.F0035\source\R5T.F0035.F001\R5T.F0035.F001.csproj", "{71C00E00-BD98-4FBB-913E-2B1AD58F5065}"
EndProject
Project("{9A19103F-16F7-4668-BE54-9A1E7A4F7556}") = "R5T.NG0002", "..\..\R5T.NG0002\source\R5T.NG0002\R5T.NG0002.csproj", "{B9E61488-4B1B-417D-A2F6-088B4F24FE63}"
EndProject
Project("{9A19103F-16F7-4668-BE54-9A1E7A4F7556}") = "R5T.NG0006", "..\..\R5T.NG0006\source\R5T.NG0006\R5T.NG0006.csproj", "{5038926F-7D38-4BFC-83A1-D0B958A56EFE}"
EndProject
Project("{9A19103F-16F7-4668-BE54-9A1E7A4F7556}") = "R5T.NG0007", "..\..\R5T.NG0007\source\R5T.NG0007\R5T.NG0007.csproj", "{8F56B3CA-777C-4D40-B05A-2528B5AB4828}"
EndProject
Project("{9A19103F-16F7-4668-BE54-9A1E7A4F7556}") = "R5T.T0131", "..\..\R5T.T0131\source\R5T.T0131\R5T.T0131.csproj", "{7C17C77F-FC6C-4073-BD68-E634A9D2663A}"
EndProject
Project("{9A19103F-16F7-4668-BE54-9A1E7A4F7556}") = "R5T.T0132", "..\..\R5T.T0132\source\R5T.T0132\R5T.T0132.csproj", "{750ECA07-C289-45A1-B7C0-C01471A5ACDA}"
EndProject
Project("{9A19103F-16F7-4668-BE54-9A1E7A4F7556}") = "R5T.T0142", "..\..\R5T.T0142\source\R5T.T0142\R5T.T0142.csproj", "{64AE37FE-CD25-4061-AFCC-313F9613AEF4}"
EndProject
Project("{9A19103F-16F7-4668-BE54-9A1E7A4F7556}") = "R5T.T0143", "..\..\R5T.T0143\source\R5T.T0143\R5T.T0143.csproj", "{73585DDF-81C1-44B2-8087-FABD24A3B795}"
EndProject
Project("{9A19103F-16F7-4668-BE54-9A1E7A4F7556}") = "R5T.T0148", "..\..\R5T.T0148\source\R5T.T0148\R5T.T0148.csproj", "{91F2E79F-1E1E-4FAA-9F68-8C9DBCBA8343}"
EndProject
Project("{9A19103F-16F7-4668-BE54-9A1E7A4F7556}") = "R5T.T0156", "..\..\R5T.T0156\source\R5T.T0156\R5T.T0156.csproj", "{087AF2AE-41FC-4854-B474-E44697EA73B7}"
EndProject
Project("{9A19103F-16F7-4668-BE54-9A1E7A4F7556}") = "R5T.T0158.F000", "..\..\R5T.T0158\source\R5T.T0158.F000\R5T.T0158.F000.csproj", "{F3CE21B2-BD8F-4A7E-B923-BF2708CF1A1A}"
EndProject
Project("{9A19103F-16F7-4668-BE54-9A1E7A4F7556}") = "R5T.T0158.T000", "..\..\R5T.T0158\source\R5T.T0158.T000\R5T.T0158.T000.csproj", "{1D56D97B-66D6-46B9-A855-EB04A4D93BCE}"
EndProject
Project("{9A19103F-16F7-4668-BE54-9A1E7A4F7556}") = "R5T.T0158", "..\..\R5T.T0158\source\R5T.T0158\R5T.T0158.csproj", "{4AE7A470-8658-482B-BC14-BA527DB873C7}"
EndProject
Project("{9A19103F-16F7-4668-BE54-9A1E7A4F7556}") = "R5T.T0159.F000", "..\..\R5T.T0159\source\R5T.T0159.F000\R5T.T0159.F000.csproj", "{131FEF34-23A8-44E1-9FE1-80AD6471C454}"
EndProject
Project("{9A19103F-16F7-4668-BE54-9A1E7A4F7556}") = "R5T.T0159", "..\..\R5T.T0159\source\R5T.T0159\R5T.T0159.csproj", "{3F3BD151-9646-4B2A-A461-850F63E333B7}"
EndProject
Project("{9A19103F-16F7-4668-BE54-9A1E7A4F7556}") = "R5T.Y0000", "..\..\R5T.Y0000\source\R5T.Y0000\R5T.Y0000.csproj", "{A7DB2ABB-ADED-4FEF-9453-E2C56289588F}"
EndProject
Project("{9A19103F-16F7-4668-BE54-9A1E7A4F7556}") = "R5T.Z0000", "..\..\R5T.Z0000\source\R5T.Z0000\R5T.Z0000.csproj", "{A9110DC8-155B-4D96-8E02-ED0A3F6C5405}"
EndProject
Project("{9A19103F-16F7-4668-BE54-9A1E7A4F7556}") = "R5T.Z0022", "..\..\R5T.Z0022.Private\source\R5T.Z0022\R5T.Z0022.csproj", "{F1A2578F-7240-4B71-A981-084A641B527C}"
EndProject
Project("{9A19103F-16F7-4668-BE54-9A1E7A4F7556}") = "R5T.F0082", "..\..\R5T.F0082\source\R5T.F0082\R5T.F0082.csproj", "{5017A079-09A1-4D27-B2B3-619EB2491B60}"
EndProject
Global
	GlobalSection(SolutionConfigurationPlatforms) = preSolution
		Debug|Any CPU = Debug|Any CPU
		Release|Any CPU = Release|Any CPU
	EndGlobalSection
	GlobalSection(ProjectConfigurationPlatforms) = postSolution
		{85F564E4-E1D9-434F-B87B-5F2AE00B8123}.Debug|Any CPU.ActiveCfg = Debug|Any CPU
		{85F564E4-E1D9-434F-B87B-5F2AE00B8123}.Debug|Any CPU.Build.0 = Debug|Any CPU
		{85F564E4-E1D9-434F-B87B-5F2AE00B8123}.Release|Any CPU.ActiveCfg = Release|Any CPU
		{85F564E4-E1D9-434F-B87B-5F2AE00B8123}.Release|Any CPU.Build.0 = Release|Any CPU
		{8EE6B064-E7A8-484C-ABDF-091DCC58B0B4}.Debug|Any CPU.ActiveCfg = Debug|Any CPU
		{8EE6B064-E7A8-484C-ABDF-091DCC58B0B4}.Debug|Any CPU.Build.0 = Debug|Any CPU
		{8EE6B064-E7A8-484C-ABDF-091DCC58B0B4}.Release|Any CPU.ActiveCfg = Release|Any CPU
		{8EE6B064-E7A8-484C-ABDF-091DCC58B0B4}.Release|Any CPU.Build.0 = Release|Any CPU
		{A37C6A23-A8EC-4491-AE26-5B173A224D68}.Debug|Any CPU.ActiveCfg = Debug|Any CPU
		{A37C6A23-A8EC-4491-AE26-5B173A224D68}.Debug|Any CPU.Build.0 = Debug|Any CPU
		{A37C6A23-A8EC-4491-AE26-5B173A224D68}.Release|Any CPU.ActiveCfg = Release|Any CPU
		{A37C6A23-A8EC-4491-AE26-5B173A224D68}.Release|Any CPU.Build.0 = Release|Any CPU
		{DFADD96A-4B9D-4154-B5D0-C0249D28FDD5}.Debug|Any CPU.ActiveCfg = Debug|Any CPU
		{DFADD96A-4B9D-4154-B5D0-C0249D28FDD5}.Debug|Any CPU.Build.0 = Debug|Any CPU
		{DFADD96A-4B9D-4154-B5D0-C0249D28FDD5}.Release|Any CPU.ActiveCfg = Release|Any CPU
		{DFADD96A-4B9D-4154-B5D0-C0249D28FDD5}.Release|Any CPU.Build.0 = Release|Any CPU
		{71C00E00-BD98-4FBB-913E-2B1AD58F5065}.Debug|Any CPU.ActiveCfg = Debug|Any CPU
		{71C00E00-BD98-4FBB-913E-2B1AD58F5065}.Debug|Any CPU.Build.0 = Debug|Any CPU
		{71C00E00-BD98-4FBB-913E-2B1AD58F5065}.Release|Any CPU.ActiveCfg = Release|Any CPU
		{71C00E00-BD98-4FBB-913E-2B1AD58F5065}.Release|Any CPU.Build.0 = Release|Any CPU
		{B9E61488-4B1B-417D-A2F6-088B4F24FE63}.Debug|Any CPU.ActiveCfg = Debug|Any CPU
		{B9E61488-4B1B-417D-A2F6-088B4F24FE63}.Debug|Any CPU.Build.0 = Debug|Any CPU
		{B9E61488-4B1B-417D-A2F6-088B4F24FE63}.Release|Any CPU.ActiveCfg = Release|Any CPU
		{B9E61488-4B1B-417D-A2F6-088B4F24FE63}.Release|Any CPU.Build.0 = Release|Any CPU
		{5038926F-7D38-4BFC-83A1-D0B958A56EFE}.Debug|Any CPU.ActiveCfg = Debug|Any CPU
		{5038926F-7D38-4BFC-83A1-D0B958A56EFE}.Debug|Any CPU.Build.0 = Debug|Any CPU
		{5038926F-7D38-4BFC-83A1-D0B958A56EFE}.Release|Any CPU.ActiveCfg = Release|Any CPU
		{5038926F-7D38-4BFC-83A1-D0B958A56EFE}.Release|Any CPU.Build.0 = Release|Any CPU
		{8F56B3CA-777C-4D40-B05A-2528B5AB4828}.Debug|Any CPU.ActiveCfg = Debug|Any CPU
		{8F56B3CA-777C-4D40-B05A-2528B5AB4828}.Debug|Any CPU.Build.0 = Debug|Any CPU
		{8F56B3CA-777C-4D40-B05A-2528B5AB4828}.Release|Any CPU.ActiveCfg = Release|Any CPU
		{8F56B3CA-777C-4D40-B05A-2528B5AB4828}.Release|Any CPU.Build.0 = Release|Any CPU
		{7C17C77F-FC6C-4073-BD68-E634A9D2663A}.Debug|Any CPU.ActiveCfg = Debug|Any CPU
		{7C17C77F-FC6C-4073-BD68-E634A9D2663A}.Debug|Any CPU.Build.0 = Debug|Any CPU
		{7C17C77F-FC6C-4073-BD68-E634A9D2663A}.Release|Any CPU.ActiveCfg = Release|Any CPU
		{7C17C77F-FC6C-4073-BD68-E634A9D2663A}.Release|Any CPU.Build.0 = Release|Any CPU
		{750ECA07-C289-45A1-B7C0-C01471A5ACDA}.Debug|Any CPU.ActiveCfg = Debug|Any CPU
		{750ECA07-C289-45A1-B7C0-C01471A5ACDA}.Debug|Any CPU.Build.0 = Debug|Any CPU
		{750ECA07-C289-45A1-B7C0-C01471A5ACDA}.Release|Any CPU.ActiveCfg = Release|Any CPU
		{750ECA07-C289-45A1-B7C0-C01471A5ACDA}.Release|Any CPU.Build.0 = Release|Any CPU
		{64AE37FE-CD25-4061-AFCC-313F9613AEF4}.Debug|Any CPU.ActiveCfg = Debug|Any CPU
		{64AE37FE-CD25-4061-AFCC-313F9613AEF4}.Debug|Any CPU.Build.0 = Debug|Any CPU
		{64AE37FE-CD25-4061-AFCC-313F9613AEF4}.Release|Any CPU.ActiveCfg = Release|Any CPU
		{64AE37FE-CD25-4061-AFCC-313F9613AEF4}.Release|Any CPU.Build.0 = Release|Any CPU
		{73585DDF-81C1-44B2-8087-FABD24A3B795}.Debug|Any CPU.ActiveCfg = Debug|Any CPU
		{73585DDF-81C1-44B2-8087-FABD24A3B795}.Debug|Any CPU.Build.0 = Debug|Any CPU
		{73585DDF-81C1-44B2-8087-FABD24A3B795}.Release|Any CPU.ActiveCfg = Release|Any CPU
		{73585DDF-81C1-44B2-8087-FABD24A3B795}.Release|Any CPU.Build.0 = Release|Any CPU
		{91F2E79F-1E1E-4FAA-9F68-8C9DBCBA8343}.Debug|Any CPU.ActiveCfg = Debug|Any CPU
		{91F2E79F-1E1E-4FAA-9F68-8C9DBCBA8343}.Debug|Any CPU.Build.0 = Debug|Any CPU
		{91F2E79F-1E1E-4FAA-9F68-8C9DBCBA8343}.Release|Any CPU.ActiveCfg = Release|Any CPU
		{91F2E79F-1E1E-4FAA-9F68-8C9DBCBA8343}.Release|Any CPU.Build.0 = Release|Any CPU
		{087AF2AE-41FC-4854-B474-E44697EA73B7}.Debug|Any CPU.ActiveCfg = Debug|Any CPU
		{087AF2AE-41FC-4854-B474-E44697EA73B7}.Debug|Any CPU.Build.0 = Debug|Any CPU
		{087AF2AE-41FC-4854-B474-E44697EA73B7}.Release|Any CPU.ActiveCfg = Release|Any CPU
		{087AF2AE-41FC-4854-B474-E44697EA73B7}.Release|Any CPU.Build.0 = Release|Any CPU
		{F3CE21B2-BD8F-4A7E-B923-BF2708CF1A1A}.Debug|Any CPU.ActiveCfg = Debug|Any CPU
		{F3CE21B2-BD8F-4A7E-B923-BF2708CF1A1A}.Debug|Any CPU.Build.0 = Debug|Any CPU
		{F3CE21B2-BD8F-4A7E-B923-BF2708CF1A1A}.Release|Any CPU.ActiveCfg = Release|Any CPU
		{F3CE21B2-BD8F-4A7E-B923-BF2708CF1A1A}.Release|Any CPU.Build.0 = Release|Any CPU
		{1D56D97B-66D6-46B9-A855-EB04A4D93BCE}.Debug|Any CPU.ActiveCfg = Debug|Any CPU
		{1D56D97B-66D6-46B9-A855-EB04A4D93BCE}.Debug|Any CPU.Build.0 = Debug|Any CPU
		{1D56D97B-66D6-46B9-A855-EB04A4D93BCE}.Release|Any CPU.ActiveCfg = Release|Any CPU
		{1D56D97B-66D6-46B9-A855-EB04A4D93BCE}.Release|Any CPU.Build.0 = Release|Any CPU
		{4AE7A470-8658-482B-BC14-BA527DB873C7}.Debug|Any CPU.ActiveCfg = Debug|Any CPU
		{4AE7A470-8658-482B-BC14-BA527DB873C7}.Debug|Any CPU.Build.0 = Debug|Any CPU
		{4AE7A470-8658-482B-BC14-BA527DB873C7}.Release|Any CPU.ActiveCfg = Release|Any CPU
		{4AE7A470-8658-482B-BC14-BA527DB873C7}.Release|Any CPU.Build.0 = Release|Any CPU
		{131FEF34-23A8-44E1-9FE1-80AD6471C454}.Debug|Any CPU.ActiveCfg = Debug|Any CPU
		{131FEF34-23A8-44E1-9FE1-80AD6471C454}.Debug|Any CPU.Build.0 = Debug|Any CPU
		{131FEF34-23A8-44E1-9FE1-80AD6471C454}.Release|Any CPU.ActiveCfg = Release|Any CPU
		{131FEF34-23A8-44E1-9FE1-80AD6471C454}.Release|Any CPU.Build.0 = Release|Any CPU
		{3F3BD151-9646-4B2A-A461-850F63E333B7}.Debug|Any CPU.ActiveCfg = Debug|Any CPU
		{3F3BD151-9646-4B2A-A461-850F63E333B7}.Debug|Any CPU.Build.0 = Debug|Any CPU
		{3F3BD151-9646-4B2A-A461-850F63E333B7}.Release|Any CPU.ActiveCfg = Release|Any CPU
		{3F3BD151-9646-4B2A-A461-850F63E333B7}.Release|Any CPU.Build.0 = Release|Any CPU
		{A7DB2ABB-ADED-4FEF-9453-E2C56289588F}.Debug|Any CPU.ActiveCfg = Debug|Any CPU
		{A7DB2ABB-ADED-4FEF-9453-E2C56289588F}.Debug|Any CPU.Build.0 = Debug|Any CPU
		{A7DB2ABB-ADED-4FEF-9453-E2C56289588F}.Release|Any CPU.ActiveCfg = Release|Any CPU
		{A7DB2ABB-ADED-4FEF-9453-E2C56289588F}.Release|Any CPU.Build.0 = Release|Any CPU
		{A9110DC8-155B-4D96-8E02-ED0A3F6C5405}.Debug|Any CPU.ActiveCfg = Debug|Any CPU
		{A9110DC8-155B-4D96-8E02-ED0A3F6C5405}.Debug|Any CPU.Build.0 = Debug|Any CPU
		{A9110DC8-155B-4D96-8E02-ED0A3F6C5405}.Release|Any CPU.ActiveCfg = Release|Any CPU
		{A9110DC8-155B-4D96-8E02-ED0A3F6C5405}.Release|Any CPU.Build.0 = Release|Any CPU
		{F1A2578F-7240-4B71-A981-084A641B527C}.Debug|Any CPU.ActiveCfg = Debug|Any CPU
		{F1A2578F-7240-4B71-A981-084A641B527C}.Debug|Any CPU.Build.0 = Debug|Any CPU
		{F1A2578F-7240-4B71-A981-084A641B527C}.Release|Any CPU.ActiveCfg = Release|Any CPU
		{F1A2578F-7240-4B71-A981-084A641B527C}.Release|Any CPU.Build.0 = Release|Any CPU
		{5017A079-09A1-4D27-B2B3-619EB2491B60}.Debug|Any CPU.ActiveCfg = Debug|Any CPU
		{5017A079-09A1-4D27-B2B3-619EB2491B60}.Debug|Any CPU.Build.0 = Debug|Any CPU
		{5017A079-09A1-4D27-B2B3-619EB2491B60}.Release|Any CPU.ActiveCfg = Release|Any CPU
		{5017A079-09A1-4D27-B2B3-619EB2491B60}.Release|Any CPU.Build.0 = Release|Any CPU
	EndGlobalSection
	GlobalSection(SolutionProperties) = preSolution
		HideSolutionNode = FALSE
	EndGlobalSection
	GlobalSection(NestedProjects) = preSolution
		{A37C6A23-A8EC-4491-AE26-5B173A224D68} = {29DBD29E-7C36-4482-BA4F-FFA49E97586C}
		{DFADD96A-4B9D-4154-B5D0-C0249D28FDD5} = {29DBD29E-7C36-4482-BA4F-FFA49E97586C}
		{71C00E00-BD98-4FBB-913E-2B1AD58F5065} = {29DBD29E-7C36-4482-BA4F-FFA49E97586C}
		{B9E61488-4B1B-417D-A2F6-088B4F24FE63} = {29DBD29E-7C36-4482-BA4F-FFA49E97586C}
		{5038926F-7D38-4BFC-83A1-D0B958A56EFE} = {29DBD29E-7C36-4482-BA4F-FFA49E97586C}
		{8F56B3CA-777C-4D40-B05A-2528B5AB4828} = {29DBD29E-7C36-4482-BA4F-FFA49E97586C}
		{7C17C77F-FC6C-4073-BD68-E634A9D2663A} = {29DBD29E-7C36-4482-BA4F-FFA49E97586C}
		{750ECA07-C289-45A1-B7C0-C01471A5ACDA} = {29DBD29E-7C36-4482-BA4F-FFA49E97586C}
		{64AE37FE-CD25-4061-AFCC-313F9613AEF4} = {29DBD29E-7C36-4482-BA4F-FFA49E97586C}
		{73585DDF-81C1-44B2-8087-FABD24A3B795} = {29DBD29E-7C36-4482-BA4F-FFA49E97586C}
		{91F2E79F-1E1E-4FAA-9F68-8C9DBCBA8343} = {29DBD29E-7C36-4482-BA4F-FFA49E97586C}
		{087AF2AE-41FC-4854-B474-E44697EA73B7} = {29DBD29E-7C36-4482-BA4F-FFA49E97586C}
		{F3CE21B2-BD8F-4A7E-B923-BF2708CF1A1A} = {29DBD29E-7C36-4482-BA4F-FFA49E97586C}
		{1D56D97B-66D6-46B9-A855-EB04A4D93BCE} = {29DBD29E-7C36-4482-BA4F-FFA49E97586C}
		{4AE7A470-8658-482B-BC14-BA527DB873C7} = {29DBD29E-7C36-4482-BA4F-FFA49E97586C}
		{131FEF34-23A8-44E1-9FE1-80AD6471C454} = {29DBD29E-7C36-4482-BA4F-FFA49E97586C}
		{3F3BD151-9646-4B2A-A461-850F63E333B7} = {29DBD29E-7C36-4482-BA4F-FFA49E97586C}
		{A7DB2ABB-ADED-4FEF-9453-E2C56289588F} = {29DBD29E-7C36-4482-BA4F-FFA49E97586C}
		{A9110DC8-155B-4D96-8E02-ED0A3F6C5405} = {29DBD29E-7C36-4482-BA4F-FFA49E97586C}
		{F1A2578F-7240-4B71-A981-084A641B527C} = {29DBD29E-7C36-4482-BA4F-FFA49E97586C}
		{5017A079-09A1-4D27-B2B3-619EB2491B60} = {29DBD29E-7C36-4482-BA4F-FFA49E97586C}
	EndGlobalSection
	GlobalSection(ExtensibilityGlobals) = postSolution
		SolutionGuid = {5CF398C3-39E1-44E4-8DC1-D5F251AEBF0E}
	EndGlobalSection
EndGlobal
